{
  "name": "blog",
  "version": "1.0.0",
  "lockfileVersion": 1,
  "requires": true,
  "dependencies": {
    "@fortawesome/fontawesome-free": {
      "version": "5.8.1",
      "resolved": "https://registry.npmjs.org/@fortawesome/fontawesome-free/-/fontawesome-free-5.8.1.tgz",
      "integrity": "sha512-GJtx6e55qLEOy2gPOsok2lohjpdWNGrYGtQx0FFT/++K4SYx+Z8LlPHdQBaFzKEwH5IbBB4fNgb//uyZjgYXoA=="
    },
    "bootstrap": {
      "version": "4.3.1",
      "resolved": "https://registry.npmjs.org/bootstrap/-/bootstrap-4.3.1.tgz",
      "integrity": "sha512-rXqOmH1VilAt2DyPzluTi2blhk17bO7ef+zLLPlWvG494pDxcM234pJ8wTc/6R40UWizAIIMgxjvxZg5kmsbag=="
    },
    "jquery": {
      "version": "3.3.1",
      "resolved": "https://registry.npmjs.org/jquery/-/jquery-3.3.1.tgz",
      "integrity": "sha512-Ubldcmxp5np52/ENotGxlLe6aGMvmF4R8S6tZjsP6Knsaxd/xp3Zrh50cG93lR6nPXyUFwzN3ZSOQI0wRJNdGg=="
    },
    "startbootstrap-clean-blog": {
      "version": "5.0.5",
      "resolved": "https://registry.npmjs.org/startbootstrap-clean-blog/-/startbootstrap-clean-blog-5.0.5.tgz",
      "integrity": "sha512-mYF8J6+/tA+wc5lA2EOyHT6YZzWwAVjOQpRS5IZq/yLjBnhzhRBh+QBvMxWM31ldq4xyRW8c/URCaXlGzRp+kA==",
      "requires": {
        "@fortawesome/fontawesome-free": "5.8.1",
        "bootstrap": "4.3.1",
        "jquery": "3.3.1"
      }
    }
  }
}
